
Microsoft Visual Studio Solution File, Format Version 12.00
# Visual Studio 14
VisualStudioVersion = 14.0.25420.1
MinimumVisualStudioVersion = 10.0.40219.1
Project("{FAE04EC0-301F-11D3-BF4B-00C04F79EFBC}") = "MVCEF2015", "MVCEF2015\MVCEF2015.csproj", "{AFB56004-14C3-497A-BFE9-AB107FD987CD}"
EndProject
Project("{2150E333-8FDC-42A3-9474-1A3956D46DE8}") = "Common", "Common", "{E3A36A90-C269-4F7C-8E9F-78E7E6077E92}"
EndProject
Project("{FAE04EC0-301F-11D3-BF4B-00C04F79EFBC}") = "MVCEF.Model", "MVCEF.Model\MVCEF.Model.csproj", "{CD3C8E4D-843A-4987-B3BF-4590DC359F29}"
EndProject
Project("{2150E333-8FDC-42A3-9474-1A3956D46DE8}") = "BLL", "BLL", "{66B4CD21-6077-434B-8A49-915497786E3E}"
EndProject
Project("{2150E333-8FDC-42A3-9474-1A3956D46DE8}") = "DAl", "DAl", "{F0D9B799-91B6-4E17-8C5F-6FA023A7485E}"
EndProject
Project("{FAE04EC0-301F-11D3-BF4B-00C04F79EFBC}") = "MVCEF.BLL", "MVCEF.BLL\MVCEF.BLL.csproj", "{4A0BA6D1-C03A-4A06-A709-31098D11F26F}"
EndProject
Project("{FAE04EC0-301F-11D3-BF4B-00C04F79EFBC}") = "MVCEF.IBLL", "MVCEF.IBLL\MVCEF.IBLL.csproj", "{6FDE60C2-5398-45F4-884F-7BF7C1AAFF3D}"
EndProject
Project("{FAE04EC0-301F-11D3-BF4B-00C04F79EFBC}") = "MVCEF.IDAL", "MVCEF.IDAL\MVCEF.IDAL.csproj", "{7F327614-692E-4985-B5EB-B96F350A7BC3}"
EndProject
Project("{FAE04EC0-301F-11D3-BF4B-00C04F79EFBC}") = "MVCEF.DAL", "MVCEF.DAL\MVCEF.DAL.csproj", "{D8487962-8CC6-4886-BCC2-7249A9C0B6F1}"
EndProject
Project("{FAE04EC0-301F-11D3-BF4B-00C04F79EFBC}") = "MVCEF.DALContainer", "MVCEF.DALContainer\MVCEF.DALContainer.csproj", "{B9615EE4-42D3-4F6F-8895-A4F4E814168B}"
EndProject
Project("{FAE04EC0-301F-11D3-BF4B-00C04F79EFBC}") = "MVCEF.BLLContainer", "MVCEF.BLLContainer\MVCEF.BLLContainer.csproj", "{5882AF9D-661D-47DB-A2D1-48D0D05CAF3F}"
EndProject
Global
	GlobalSection(SolutionConfigurationPlatforms) = preSolution
		Debug|Any CPU = Debug|Any CPU
		Release|Any CPU = Release|Any CPU
	EndGlobalSection
	GlobalSection(ProjectConfigurationPlatforms) = postSolution
		{AFB56004-14C3-497A-BFE9-AB107FD987CD}.Debug|Any CPU.ActiveCfg = Debug|Any CPU
		{AFB56004-14C3-497A-BFE9-AB107FD987CD}.Debug|Any CPU.Build.0 = Debug|Any CPU
		{AFB56004-14C3-497A-BFE9-AB107FD987CD}.Release|Any CPU.ActiveCfg = Release|Any CPU
		{AFB56004-14C3-497A-BFE9-AB107FD987CD}.Release|Any CPU.Build.0 = Release|Any CPU
		{CD3C8E4D-843A-4987-B3BF-4590DC359F29}.Debug|Any CPU.ActiveCfg = Debug|Any CPU
		{CD3C8E4D-843A-4987-B3BF-4590DC359F29}.Debug|Any CPU.Build.0 = Debug|Any CPU
		{CD3C8E4D-843A-4987-B3BF-4590DC359F29}.Release|Any CPU.ActiveCfg = Release|Any CPU
		{CD3C8E4D-843A-4987-B3BF-4590DC359F29}.Release|Any CPU.Build.0 = Release|Any CPU
		{4A0BA6D1-C03A-4A06-A709-31098D11F26F}.Debug|Any CPU.ActiveCfg = Debug|Any CPU
		{4A0BA6D1-C03A-4A06-A709-31098D11F26F}.Debug|Any CPU.Build.0 = Debug|Any CPU
		{4A0BA6D1-C03A-4A06-A709-31098D11F26F}.Release|Any CPU.ActiveCfg = Release|Any CPU
		{4A0BA6D1-C03A-4A06-A709-31098D11F26F}.Release|Any CPU.Build.0 = Release|Any CPU
		{6FDE60C2-5398-45F4-884F-7BF7C1AAFF3D}.Debug|Any CPU.ActiveCfg = Debug|Any CPU
		{6FDE60C2-5398-45F4-884F-7BF7C1AAFF3D}.Debug|Any CPU.Build.0 = Debug|Any CPU
		{6FDE60C2-5398-45F4-884F-7BF7C1AAFF3D}.Release|Any CPU.ActiveCfg = Release|Any CPU
		{6FDE60C2-5398-45F4-884F-7BF7C1AAFF3D}.Release|Any CPU.Build.0 = Release|Any CPU
		{7F327614-692E-4985-B5EB-B96F350A7BC3}.Debug|Any CPU.ActiveCfg = Debug|Any CPU
		{7F327614-692E-4985-B5EB-B96F350A7BC3}.Debug|Any CPU.Build.0 = Debug|Any CPU
		{7F327614-692E-4985-B5EB-B96F350A7BC3}.Release|Any CPU.ActiveCfg = Release|Any CPU
		{7F327614-692E-4985-B5EB-B96F350A7BC3}.Release|Any CPU.Build.0 = Release|Any CPU
		{D8487962-8CC6-4886-BCC2-7249A9C0B6F1}.Debug|Any CPU.ActiveCfg = Debug|Any CPU
		{D8487962-8CC6-4886-BCC2-7249A9C0B6F1}.Debug|Any CPU.Build.0 = Debug|Any CPU
		{D8487962-8CC6-4886-BCC2-7249A9C0B6F1}.Release|Any CPU.ActiveCfg = Release|Any CPU
		{D8487962-8CC6-4886-BCC2-7249A9C0B6F1}.Release|Any CPU.Build.0 = Release|Any CPU
		{B9615EE4-42D3-4F6F-8895-A4F4E814168B}.Debug|Any CPU.ActiveCfg = Debug|Any CPU
		{B9615EE4-42D3-4F6F-8895-A4F4E814168B}.Debug|Any CPU.Build.0 = Debug|Any CPU
		{B9615EE4-42D3-4F6F-8895-A4F4E814168B}.Release|Any CPU.ActiveCfg = Release|Any CPU
		{B9615EE4-42D3-4F6F-8895-A4F4E814168B}.Release|Any CPU.Build.0 = Release|Any CPU
		{5882AF9D-661D-47DB-A2D1-48D0D05CAF3F}.Debug|Any CPU.ActiveCfg = Debug|Any CPU
		{5882AF9D-661D-47DB-A2D1-48D0D05CAF3F}.Debug|Any CPU.Build.0 = Debug|Any CPU
		{5882AF9D-661D-47DB-A2D1-48D0D05CAF3F}.Release|Any CPU.ActiveCfg = Release|Any CPU
		{5882AF9D-661D-47DB-A2D1-48D0D05CAF3F}.Release|Any CPU.Build.0 = Release|Any CPU
	EndGlobalSection
	GlobalSection(SolutionProperties) = preSolution
		HideSolutionNode = FALSE
	EndGlobalSection
	GlobalSection(NestedProjects) = preSolution
		{CD3C8E4D-843A-4987-B3BF-4590DC359F29} = {E3A36A90-C269-4F7C-8E9F-78E7E6077E92}
		{4A0BA6D1-C03A-4A06-A709-31098D11F26F} = {66B4CD21-6077-434B-8A49-915497786E3E}
		{6FDE60C2-5398-45F4-884F-7BF7C1AAFF3D} = {66B4CD21-6077-434B-8A49-915497786E3E}
		{7F327614-692E-4985-B5EB-B96F350A7BC3} = {F0D9B799-91B6-4E17-8C5F-6FA023A7485E}
		{D8487962-8CC6-4886-BCC2-7249A9C0B6F1} = {F0D9B799-91B6-4E17-8C5F-6FA023A7485E}
		{B9615EE4-42D3-4F6F-8895-A4F4E814168B} = {F0D9B799-91B6-4E17-8C5F-6FA023A7485E}
		{5882AF9D-661D-47DB-A2D1-48D0D05CAF3F} = {66B4CD21-6077-434B-8A49-915497786E3E}
	EndGlobalSection
EndGlobal
